
Microsoft Visual Studio Solution File, Format Version 12.00
# Visual Studio Version 16
VisualStudioVersion = 16.0.29806.167
MinimumVisualStudioVersion = 10.0.40219.1
Project("{FAE04EC0-301F-11D3-BF4B-00C04F79EFBC}") = "OrderWinForm", "OrderWinForm\OrderWinForm.csproj", "{79AFE3D5-908A-4C8F-B812-0FA1DE8DF26F}"
EndProject
Global
	GlobalSection(SolutionConfigurationPlatforms) = preSolution
		Debug|Any CPU = Debug|Any CPU
		Release|Any CPU = Release|Any CPU
	EndGlobalSection
	GlobalSection(ProjectConfigurationPlatforms) = postSolution
		{79AFE3D5-908A-4C8F-B812-0FA1DE8DF26F}.Debug|Any CPU.ActiveCfg = Debug|Any CPU
		{79AFE3D5-908A-4C8F-B812-0FA1DE8DF26F}.Debug|Any CPU.Build.0 = Debug|Any CPU
		{79AFE3D5-908A-4C8F-B812-0FA1DE8DF26F}.Release|Any CPU.ActiveCfg = Release|Any CPU
		{79AFE3D5-908A-4C8F-B812-0FA1DE8DF26F}.Release|Any CPU.Build.0 = Release|Any CPU
	EndGlobalSection
	GlobalSection(SolutionProperties) = preSolution
		HideSolutionNode = FALSE
	EndGlobalSection
	GlobalSection(ExtensibilityGlobals) = postSolution
		SolutionGuid = {B7C0A80B-405B-4866-9FBF-91A109B9007D}
	EndGlobalSection
EndGlobal
